{
  "name": "slip-dialog",
  "version": "1.0.0",
  "lockfileVersion": 1,
  "requires": true,
  "dependencies": {
    "velocity-animate": {
      "version": "2.0.5",
      "resolved": "https://registry.npmjs.org/velocity-animate/-/velocity-animate-2.0.5.tgz",
      "integrity": "sha512-kYdkWu+m9PIwWVJpvNqhzpwinNIb5e6t6vj7j1x2CFwf5UoIE9WU+fBC7v95wXTbc9tPsDv3Ltrh44yP2cyiGg=="
    }
  }
}
